version: 1.0
shards:
  bojack:
    github: marceloboeira/bojack
    commit: 8da93583eb74c2fbd14b4bf78d955d66e44c307c

  bojack-client:
    github: hugoabonizio/bojack.cr
    version: 0.1.0

  commander:
    github: mrrooijen/commander
    version: 0.3.3

  kemal:
    github: sdogruyol/kemal
    commit: cc78f4e02e68d7aedb5d810c71a4deae11121ab1

  kilt:
    github: jeromegn/kilt
    version: 0.3.3

  multipart:
    github: RX14/multipart.cr
    version: 0.1.0

  radix:
    github: luislavena/radix
    version: 0.3.1

