version: 1.0
shards:
  bojack:
    github: marceloboeira/bojack
    commit: 560260713a19da9f008dd11e401ed89f9c436ff5

  commander:
    github: mrrooijen/commander
    version: 0.3.3

  kemal:
    github: sdogruyol/kemal
    commit: 6280af2e405258cc353e7d6039f3066817398a45

  kilt:
    github: jeromegn/kilt
    version: 0.3.3

  radix:
    github: luislavena/radix
    version: 0.3.0

