version: 1.0
shards:
  bojack:
    github: marceloboeira/bojack
    commit: 67e84cd94b8fd64be5b9f8f6e0c7022b1ef5b0cf

  commander:
    github: mrrooijen/commander
    version: 0.3.3

  kemal:
    github: sdogruyol/kemal
    commit: 6280af2e405258cc353e7d6039f3066817398a45

  kilt:
    github: jeromegn/kilt
    version: 0.3.3

  radix:
    github: luislavena/radix
    version: 0.3.0

